// !$*UTF8*$!
{
	archiveVersion = 1;
	classes = {
	};
	objectVersion = 55;
	objects = {

/* Begin PBXBuildFile section */
		A316720028031E2500C5A9A5 /* Facade.swift in Sources */ = {isa = PBXBuildFile; fileRef = A31671FF28031E2500C5A9A5 /* Facade.swift */; };
		A31672032803506C00C5A9A5 /* Decorator.swift in Sources */ = {isa = PBXBuildFile; fileRef = A31672022803506C00C5A9A5 /* Decorator.swift */; };
		A32BE24328055E8400D9C051 /* Memento.swift in Sources */ = {isa = PBXBuildFile; fileRef = A32BE24228055E8400D9C051 /* Memento.swift */; };
		A3AD46AD27CBD12C00D2DBE6 /* Builder.swift in Sources */ = {isa = PBXBuildFile; fileRef = A3AD46AC27CBD12C00D2DBE6 /* Builder.swift */; };
		A3B97B1927CCF7BC00CF4BAA /* Singleton.swift in Sources */ = {isa = PBXBuildFile; fileRef = A3B97B1827CCF7BC00CF4BAA /* Singleton.swift */; };
		A3ECDF3427CA19890045AD9F /* AppDelegate.swift in Sources */ = {isa = PBXBuildFile; fileRef = A3ECDF3327CA19890045AD9F /* AppDelegate.swift */; };
		A3ECDF3627CA19890045AD9F /* SceneDelegate.swift in Sources */ = {isa = PBXBuildFile; fileRef = A3ECDF3527CA19890045AD9F /* SceneDelegate.swift */; };
		A3ECDF3827CA19890045AD9F /* ViewController.swift in Sources */ = {isa = PBXBuildFile; fileRef = A3ECDF3727CA19890045AD9F /* ViewController.swift */; };
		A3ECDF3B27CA19890045AD9F /* Main.storyboard in Resources */ = {isa = PBXBuildFile; fileRef = A3ECDF3927CA19890045AD9F /* Main.storyboard */; };
		A3ECDF3E27CA19890045AD9F /* Patterns.xcdatamodeld in Sources */ = {isa = PBXBuildFile; fileRef = A3ECDF3C27CA19890045AD9F /* Patterns.xcdatamodeld */; };
		A3ECDF4027CA198A0045AD9F /* Assets.xcassets in Resources */ = {isa = PBXBuildFile; fileRef = A3ECDF3F27CA198A0045AD9F /* Assets.xcassets */; };
		A3ECDF4327CA198A0045AD9F /* LaunchScreen.storyboard in Resources */ = {isa = PBXBuildFile; fileRef = A3ECDF4127CA198A0045AD9F /* LaunchScreen.storyboard */; };
		A3ECDF4C27CA1CA10045AD9F /* FactoryMethod.swift in Sources */ = {isa = PBXBuildFile; fileRef = A3ECDF4B27CA1CA10045AD9F /* FactoryMethod.swift */; };
		A3ECDF5027CA47E40045AD9F /* AbstractFactory.swift in Sources */ = {isa = PBXBuildFile; fileRef = A3ECDF4F27CA47E40045AD9F /* AbstractFactory.swift */; };
/* End PBXBuildFile section */

/* Begin PBXFileReference section */
		A31671FF28031E2500C5A9A5 /* Facade.swift */ = {isa = PBXFileReference; lastKnownFileType = sourcecode.swift; path = Facade.swift; sourceTree = "<group>"; };
		A31672022803506C00C5A9A5 /* Decorator.swift */ = {isa = PBXFileReference; lastKnownFileType = sourcecode.swift; path = Decorator.swift; sourceTree = "<group>"; };
		A32BE24228055E8400D9C051 /* Memento.swift */ = {isa = PBXFileReference; lastKnownFileType = sourcecode.swift; path = Memento.swift; sourceTree = "<group>"; };
		A3AD46AC27CBD12C00D2DBE6 /* Builder.swift */ = {isa = PBXFileReference; lastKnownFileType = sourcecode.swift; path = Builder.swift; sourceTree = "<group>"; };
		A3B97B1827CCF7BC00CF4BAA /* Singleton.swift */ = {isa = PBXFileReference; lastKnownFileType = sourcecode.swift; path = Singleton.swift; sourceTree = "<group>"; };
		A3ECDF3027CA19890045AD9F /* Patterns.app */ = {isa = PBXFileReference; explicitFileType = wrapper.application; includeInIndex = 0; path = Patterns.app; sourceTree = BUILT_PRODUCTS_DIR; };
		A3ECDF3327CA19890045AD9F /* AppDelegate.swift */ = {isa = PBXFileReference; lastKnownFileType = sourcecode.swift; path = AppDelegate.swift; sourceTree = "<group>"; };
		A3ECDF3527CA19890045AD9F /* SceneDelegate.swift */ = {isa = PBXFileReference; lastKnownFileType = sourcecode.swift; path = SceneDelegate.swift; sourceTree = "<group>"; };
		A3ECDF3727CA19890045AD9F /* ViewController.swift */ = {isa = PBXFileReference; lastKnownFileType = sourcecode.swift; path = ViewController.swift; sourceTree = "<group>"; };
		A3ECDF3A27CA19890045AD9F /* Base */ = {isa = PBXFileReference; lastKnownFileType = file.storyboard; name = Base; path = Base.lproj/Main.storyboard; sourceTree = "<group>"; };
		A3ECDF3D27CA19890045AD9F /* Patterns.xcdatamodel */ = {isa = PBXFileReference; lastKnownFileType = wrapper.xcdatamodel; path = Patterns.xcdatamodel; sourceTree = "<group>"; };
		A3ECDF3F27CA198A0045AD9F /* Assets.xcassets */ = {isa = PBXFileReference; lastKnownFileType = folder.assetcatalog; path = Assets.xcassets; sourceTree = "<group>"; };
		A3ECDF4227CA198A0045AD9F /* Base */ = {isa = PBXFileReference; lastKnownFileType = file.storyboard; name = Base; path = Base.lproj/LaunchScreen.storyboard; sourceTree = "<group>"; };
		A3ECDF4427CA198A0045AD9F /* Info.plist */ = {isa = PBXFileReference; lastKnownFileType = text.plist.xml; path = Info.plist; sourceTree = "<group>"; };
		A3ECDF4B27CA1CA10045AD9F /* FactoryMethod.swift */ = {isa = PBXFileReference; lastKnownFileType = sourcecode.swift; path = FactoryMethod.swift; sourceTree = "<group>"; };
		A3ECDF4F27CA47E40045AD9F /* AbstractFactory.swift */ = {isa = PBXFileReference; lastKnownFileType = sourcecode.swift; path = AbstractFactory.swift; sourceTree = "<group>"; };
/* End PBXFileReference section */

/* Begin PBXFrameworksBuildPhase section */
		A3ECDF2D27CA19890045AD9F /* Frameworks */ = {
			isa = PBXFrameworksBuildPhase;
			buildActionMask = 2147483647;
			files = (
			);
			runOnlyForDeploymentPostprocessing = 0;
		};
/* End PBXFrameworksBuildPhase section */

/* Begin PBXGroup section */
		A31671FE28031DF100C5A9A5 /* Facade */ = {
			isa = PBXGroup;
			children = (
				A31671FF28031E2500C5A9A5 /* Facade.swift */,
			);
			path = Facade;
			sourceTree = "<group>";
		};
		A316720128034FB200C5A9A5 /* Decorator */ = {
			isa = PBXGroup;
			children = (
				A31672022803506C00C5A9A5 /* Decorator.swift */,
			);
			path = Decorator;
			sourceTree = "<group>";
		};
		A32BE24128055E6600D9C051 /* Memento */ = {
			isa = PBXGroup;
			children = (
				A32BE24228055E8400D9C051 /* Memento.swift */,
			);
			path = Memento;
			sourceTree = "<group>";
		};
		A3AD46AB27CBD10700D2DBE6 /* Builder */ = {
			isa = PBXGroup;
			children = (
				A3AD46AC27CBD12C00D2DBE6 /* Builder.swift */,
			);
			path = Builder;
			sourceTree = "<group>";
		};
		A3B97B1727CCF68300CF4BAA /* Singleton */ = {
			isa = PBXGroup;
			children = (
				A3B97B1827CCF7BC00CF4BAA /* Singleton.swift */,
			);
			path = Singleton;
			sourceTree = "<group>";
		};
		A3ECDF2727CA19890045AD9F = {
			isa = PBXGroup;
			children = (
				A3ECDF4A27CA1C770045AD9F /* FactoryMethod */,
				A3ECDF4E27CA47C70045AD9F /* AbstractFactory */,
				A3AD46AB27CBD10700D2DBE6 /* Builder */,
				A3B97B1727CCF68300CF4BAA /* Singleton */,
				A31671FE28031DF100C5A9A5 /* Facade */,
				A316720128034FB200C5A9A5 /* Decorator */,
				A32BE24128055E6600D9C051 /* Memento */,
				A3ECDF3227CA19890045AD9F /* Patterns */,
				A3ECDF3127CA19890045AD9F /* Products */,
			);
			sourceTree = "<group>";
		};
		A3ECDF3127CA19890045AD9F /* Products */ = {
			isa = PBXGroup;
			children = (
				A3ECDF3027CA19890045AD9F /* Patterns.app */,
			);
			name = Products;
			sourceTree = "<group>";
		};
		A3ECDF3227CA19890045AD9F /* Patterns */ = {
			isa = PBXGroup;
			children = (
				A3ECDF3327CA19890045AD9F /* AppDelegate.swift */,
				A3ECDF3527CA19890045AD9F /* SceneDelegate.swift */,
				A3ECDF3727CA19890045AD9F /* ViewController.swift */,
				A3ECDF3927CA19890045AD9F /* Main.storyboard */,
				A3ECDF3F27CA198A0045AD9F /* Assets.xcassets */,
				A3ECDF4127CA198A0045AD9F /* LaunchScreen.storyboard */,
				A3ECDF4427CA198A0045AD9F /* Info.plist */,
				A3ECDF3C27CA19890045AD9F /* Patterns.xcdatamodeld */,
			);
			path = Patterns;
			sourceTree = "<group>";
		};
		A3ECDF4A27CA1C770045AD9F /* FactoryMethod */ = {
			isa = PBXGroup;
			children = (
				A3ECDF4B27CA1CA10045AD9F /* FactoryMethod.swift */,
			);
			path = FactoryMethod;
			sourceTree = "<group>";
		};
		A3ECDF4E27CA47C70045AD9F /* AbstractFactory */ = {
			isa = PBXGroup;
			children = (
				A3ECDF4F27CA47E40045AD9F /* AbstractFactory.swift */,
			);
			path = AbstractFactory;
			sourceTree = "<group>";
		};
/* End PBXGroup section */

/* Begin PBXNativeTarget section */
		A3ECDF2F27CA19890045AD9F /* Patterns */ = {
			isa = PBXNativeTarget;
			buildConfigurationList = A3ECDF4727CA198A0045AD9F /* Build configuration list for PBXNativeTarget "Patterns" */;
			buildPhases = (
				A3ECDF2C27CA19890045AD9F /* Sources */,
				A3ECDF2D27CA19890045AD9F /* Frameworks */,
				A3ECDF2E27CA19890045AD9F /* Resources */,
			);
			buildRules = (
			);
			dependencies = (
			);
			name = Patterns;
			productName = Patterns;
			productReference = A3ECDF3027CA19890045AD9F /* Patterns.app */;
			productType = "com.apple.product-type.application";
		};
/* End PBXNativeTarget section */

/* Begin PBXProject section */
		A3ECDF2827CA19890045AD9F /* Project object */ = {
			isa = PBXProject;
			attributes = {
				BuildIndependentTargetsInParallel = 1;
				LastSwiftUpdateCheck = 1320;
				LastUpgradeCheck = 1320;
				TargetAttributes = {
					A3ECDF2F27CA19890045AD9F = {
						CreatedOnToolsVersion = 13.2.1;
					};
				};
			};
			buildConfigurationList = A3ECDF2B27CA19890045AD9F /* Build configuration list for PBXProject "Patterns" */;
			compatibilityVersion = "Xcode 13.0";
			developmentRegion = en;
			hasScannedForEncodings = 0;
			knownRegions = (
				en,
				Base,
			);
			mainGroup = A3ECDF2727CA19890045AD9F;
			productRefGroup = A3ECDF3127CA19890045AD9F /* Products */;
			projectDirPath = "";
			projectRoot = "";
			targets = (
				A3ECDF2F27CA19890045AD9F /* Patterns */,
			);
		};
/* End PBXProject section */

/* Begin PBXResourcesBuildPhase section */
		A3ECDF2E27CA19890045AD9F /* Resources */ = {
			isa = PBXResourcesBuildPhase;
			buildActionMask = 2147483647;
			files = (
				A3ECDF4327CA198A0045AD9F /* LaunchScreen.storyboard in Resources */,
				A3ECDF4027CA198A0045AD9F /* Assets.xcassets in Resources */,
				A3ECDF3B27CA19890045AD9F /* Main.storyboard in Resources */,
			);
			runOnlyForDeploymentPostprocessing = 0;
		};
/* End PBXResourcesBuildPhase section */

/* Begin PBXSourcesBuildPhase section */
		A3ECDF2C27CA19890045AD9F /* Sources */ = {
			isa = PBXSourcesBuildPhase;
			buildActionMask = 2147483647;
			files = (
				A316720028031E2500C5A9A5 /* Facade.swift in Sources */,
				A31672032803506C00C5A9A5 /* Decorator.swift in Sources */,
				A3ECDF5027CA47E40045AD9F /* AbstractFactory.swift in Sources */,
				A3ECDF3827CA19890045AD9F /* ViewController.swift in Sources */,
				A3AD46AD27CBD12C00D2DBE6 /* Builder.swift in Sources */,
				A3ECDF3427CA19890045AD9F /* AppDelegate.swift in Sources */,
				A32BE24328055E8400D9C051 /* Memento.swift in Sources */,
				A3ECDF3E27CA19890045AD9F /* Patterns.xcdatamodeld in Sources */,
				A3B97B1927CCF7BC00CF4BAA /* Singleton.swift in Sources */,
				A3ECDF4C27CA1CA10045AD9F /* FactoryMethod.swift in Sources */,
				A3ECDF3627CA19890045AD9F /* SceneDelegate.swift in Sources */,
			);
			runOnlyForDeploymentPostprocessing = 0;
		};
/* End PBXSourcesBuildPhase section */

/* Begin PBXVariantGroup section */
		A3ECDF3927CA19890045AD9F /* Main.storyboard */ = {
			isa = PBXVariantGroup;
			children = (
				A3ECDF3A27CA19890045AD9F /* Base */,
			);
			name = Main.storyboard;
			sourceTree = "<group>";
		};
		A3ECDF4127CA198A0045AD9F /* LaunchScreen.storyboard */ = {
			isa = PBXVariantGroup;
			children = (
				A3ECDF4227CA198A0045AD9F /* Base */,
			);
			name = LaunchScreen.storyboard;
			sourceTree = "<group>";
		};
/* End PBXVariantGroup section */

/* Begin XCBuildConfiguration section */
		A3ECDF4527CA198A0045AD9F /* Debug */ = {
			isa = XCBuildConfiguration;
			buildSettings = {
				ALWAYS_SEARCH_USER_PATHS = NO;
				CLANG_ANALYZER_NONNULL = YES;
				CLANG_ANALYZER_NUMBER_OBJECT_CONVERSION = YES_AGGRESSIVE;
				CLANG_CXX_LANGUAGE_STANDARD = "gnu++17";
				CLANG_CXX_LIBRARY = "libc++";
				CLANG_ENABLE_MODULES = YES;
				CLANG_ENABLE_OBJC_ARC = YES;
				CLANG_ENABLE_OBJC_WEAK = YES;
				CLANG_WARN_BLOCK_CAPTURE_AUTORELEASING = YES;
				CLANG_WARN_BOOL_CONVERSION = YES;
				CLANG_WARN_COMMA = YES;
				CLANG_WARN_CONSTANT_CONVERSION = YES;
				CLANG_WARN_DEPRECATED_OBJC_IMPLEMENTATIONS = YES;
				CLANG_WARN_DIRECT_OBJC_ISA_USAGE = YES_ERROR;
				CLANG_WARN_DOCUMENTATION_COMMENTS = YES;
				CLANG_WARN_EMPTY_BODY = YES;
				CLANG_WARN_ENUM_CONVERSION = YES;
				CLANG_WARN_INFINITE_RECURSION = YES;
				CLANG_WARN_INT_CONVERSION = YES;
				CLANG_WARN_NON_LITERAL_NULL_CONVERSION = YES;
				CLANG_WARN_OBJC_IMPLICIT_RETAIN_SELF = YES;
				CLANG_WARN_OBJC_LITERAL_CONVERSION = YES;
				CLANG_WARN_OBJC_ROOT_CLASS = YES_ERROR;
				CLANG_WARN_QUOTED_INCLUDE_IN_FRAMEWORK_HEADER = YES;
				CLANG_WARN_RANGE_LOOP_ANALYSIS = YES;
				CLANG_WARN_STRICT_PROTOTYPES = YES;
				CLANG_WARN_SUSPICIOUS_MOVE = YES;
				CLANG_WARN_UNGUARDED_AVAILABILITY = YES_AGGRESSIVE;
				CLANG_WARN_UNREACHABLE_CODE = YES;
				CLANG_WARN__DUPLICATE_METHOD_MATCH = YES;
				COPY_PHASE_STRIP = NO;
				DEBUG_INFORMATION_FORMAT = dwarf;
				ENABLE_STRICT_OBJC_MSGSEND = YES;
				ENABLE_TESTABILITY = YES;
				GCC_C_LANGUAGE_STANDARD = gnu11;
				GCC_DYNAMIC_NO_PIC = NO;
				GCC_NO_COMMON_BLOCKS = YES;
				GCC_OPTIMIZATION_LEVEL = 0;
				GCC_PREPROCESSOR_DEFINITIONS = (
					"DEBUG=1",
					"$(inherited)",
				);
				GCC_WARN_64_TO_32_BIT_CONVERSION = YES;
				GCC_WARN_ABOUT_RETURN_TYPE = YES_ERROR;
				GCC_WARN_UNDECLARED_SELECTOR = YES;
				GCC_WARN_UNINITIALIZED_AUTOS = YES_AGGRESSIVE;
				GCC_WARN_UNUSED_FUNCTION = YES;
				GCC_WARN_UNUSED_VARIABLE = YES;
				IPHONEOS_DEPLOYMENT_TARGET = 15.2;
				MTL_ENABLE_DEBUG_INFO = INCLUDE_SOURCE;
				MTL_FAST_MATH = YES;
				ONLY_ACTIVE_ARCH = YES;
				SDKROOT = iphoneos;
				SWIFT_ACTIVE_COMPILATION_CONDITIONS = DEBUG;
				SWIFT_OPTIMIZATION_LEVEL = "-Onone";
			};
			name = Debug;
		};
		A3ECDF4627CA198A0045AD9F /* Release */ = {
			isa = XCBuildConfiguration;
			buildSettings = {
				ALWAYS_SEARCH_USER_PATHS = NO;
				CLANG_ANALYZER_NONNULL = YES;
				CLANG_ANALYZER_NUMBER_OBJECT_CONVERSION = YES_AGGRESSIVE;
				CLANG_CXX_LANGUAGE_STANDARD = "gnu++17";
				CLANG_CXX_LIBRARY = "libc++";
				CLANG_ENABLE_MODULES = YES;
				CLANG_ENABLE_OBJC_ARC = YES;
				CLANG_ENABLE_OBJC_WEAK = YES;
				CLANG_WARN_BLOCK_CAPTURE_AUTORELEASING = YES;
				CLANG_WARN_BOOL_CONVERSION = YES;
				CLANG_WARN_COMMA = YES;
				CLANG_WARN_CONSTANT_CONVERSION = YES;
				CLANG_WARN_DEPRECATED_OBJC_IMPLEMENTATIONS = YES;
				CLANG_WARN_DIRECT_OBJC_ISA_USAGE = YES_ERROR;
				CLANG_WARN_DOCUMENTATION_COMMENTS = YES;
				CLANG_WARN_EMPTY_BODY = YES;
				CLANG_WARN_ENUM_CONVERSION = YES;
				CLANG_WARN_INFINITE_RECURSION = YES;
				CLANG_WARN_INT_CONVERSION = YES;
				CLANG_WARN_NON_LITERAL_NULL_CONVERSION = YES;
				CLANG_WARN_OBJC_IMPLICIT_RETAIN_SELF = YES;
				CLANG_WARN_OBJC_LITERAL_CONVERSION = YES;
				CLANG_WARN_OBJC_ROOT_CLASS = YES_ERROR;
				CLANG_WARN_QUOTED_INCLUDE_IN_FRAMEWORK_HEADER = YES;
				CLANG_WARN_RANGE_LOOP_ANALYSIS = YES;
				CLANG_WARN_STRICT_PROTOTYPES = YES;
				CLANG_WARN_SUSPICIOUS_MOVE = YES;
				CLANG_WARN_UNGUARDED_AVAILABILITY = YES_AGGRESSIVE;
				CLANG_WARN_UNREACHABLE_CODE = YES;
				CLANG_WARN__DUPLICATE_METHOD_MATCH = YES;
				COPY_PHASE_STRIP = NO;
				DEBUG_INFORMATION_FORMAT = "dwarf-with-dsym";
				ENABLE_NS_ASSERTIONS = NO;
				ENABLE_STRICT_OBJC_MSGSEND = YES;
				GCC_C_LANGUAGE_STANDARD = gnu11;
				GCC_NO_COMMON_BLOCKS = YES;
				GCC_WARN_64_TO_32_BIT_CONVERSION = YES;
				GCC_WARN_ABOUT_RETURN_TYPE = YES_ERROR;
				GCC_WARN_UNDECLARED_SELECTOR = YES;
				GCC_WARN_UNINITIALIZED_AUTOS = YES_AGGRESSIVE;
				GCC_WARN_UNUSED_FUNCTION = YES;
				GCC_WARN_UNUSED_VARIABLE = YES;
				IPHONEOS_DEPLOYMENT_TARGET = 15.2;
				MTL_ENABLE_DEBUG_INFO = NO;
				MTL_FAST_MATH = YES;
				SDKROOT = iphoneos;
				SWIFT_COMPILATION_MODE = wholemodule;
				SWIFT_OPTIMIZATION_LEVEL = "-O";
				VALIDATE_PRODUCT = YES;
			};
			name = Release;
		};
		A3ECDF4827CA198A0045AD9F /* Debug */ = {
			isa = XCBuildConfiguration;
			buildSettings = {
				ASSETCATALOG_COMPILER_APPICON_NAME = AppIcon;
				ASSETCATALOG_COMPILER_GLOBAL_ACCENT_COLOR_NAME = AccentColor;
				CODE_SIGN_STYLE = Automatic;
				CURRENT_PROJECT_VERSION = 1;
				DEVELOPMENT_TEAM = 44XPNUG6JL;
				GENERATE_INFOPLIST_FILE = YES;
				INFOPLIST_FILE = Patterns/Info.plist;
				INFOPLIST_KEY_UIApplicationSupportsIndirectInputEvents = YES;
				INFOPLIST_KEY_UILaunchStoryboardName = LaunchScreen;
				INFOPLIST_KEY_UIMainStoryboardFile = Main;
				INFOPLIST_KEY_UISupportedInterfaceOrientations_iPad = "UIInterfaceOrientationPortrait UIInterfaceOrientationPortraitUpsideDown UIInterfaceOrientationLandscapeLeft UIInterfaceOrientationLandscapeRight";
				INFOPLIST_KEY_UISupportedInterfaceOrientations_iPhone = "UIInterfaceOrientationPortrait UIInterfaceOrientationLandscapeLeft UIInterfaceOrientationLandscapeRight";
				LD_RUNPATH_SEARCH_PATHS = (
					"$(inherited)",
					"@executable_path/Frameworks",
				);
				MARKETING_VERSION = 1.0;
				PRODUCT_BUNDLE_IDENTIFIER = eugene.Patterns;
				PRODUCT_NAME = "$(TARGET_NAME)";
				SWIFT_EMIT_LOC_STRINGS = YES;
				SWIFT_VERSION = 5.0;
				TARGETED_DEVICE_FAMILY = "1,2";
			};
			name = Debug;
		};
		A3ECDF4927CA198A0045AD9F /* Release */ = {
			isa = XCBuildConfiguration;
			buildSettings = {
				ASSETCATALOG_COMPILER_APPICON_NAME = AppIcon;
				ASSETCATALOG_COMPILER_GLOBAL_ACCENT_COLOR_NAME = AccentColor;
				CODE_SIGN_STYLE = Automatic;
				CURRENT_PROJECT_VERSION = 1;
				DEVELOPMENT_TEAM = 44XPNUG6JL;
				GENERATE_INFOPLIST_FILE = YES;
				INFOPLIST_FILE = Patterns/Info.plist;
				INFOPLIST_KEY_UIApplicationSupportsIndirectInputEvents = YES;
				INFOPLIST_KEY_UILaunchStoryboardName = LaunchScreen;
				INFOPLIST_KEY_UIMainStoryboardFile = Main;
				INFOPLIST_KEY_UISupportedInterfaceOrientations_iPad = "UIInterfaceOrientationPortrait UIInterfaceOrientationPortraitUpsideDown UIInterfaceOrientationLandscapeLeft UIInterfaceOrientationLandscapeRight";
				INFOPLIST_KEY_UISupportedInterfaceOrientations_iPhone = "UIInterfaceOrientationPortrait UIInterfaceOrientationLandscapeLeft UIInterfaceOrientationLandscapeRight";
				LD_RUNPATH_SEARCH_PATHS = (
					"$(inherited)",
					"@executable_path/Frameworks",
				);
				MARKETING_VERSION = 1.0;
				PRODUCT_BUNDLE_IDENTIFIER = eugene.Patterns;
				PRODUCT_NAME = "$(TARGET_NAME)";
				SWIFT_EMIT_LOC_STRINGS = YES;
				SWIFT_VERSION = 5.0;
				TARGETED_DEVICE_FAMILY = "1,2";
			};
			name = Release;
		};
/* End XCBuildConfiguration section */

/* Begin XCConfigurationList section */
		A3ECDF2B27CA19890045AD9F /* Build configuration list for PBXProject "Patterns" */ = {
			isa = XCConfigurationList;
			buildConfigurations = (
				A3ECDF4527CA198A0045AD9F /* Debug */,
				A3ECDF4627CA198A0045AD9F /* Release */,
			);
			defaultConfigurationIsVisible = 0;
			defaultConfigurationName = Release;
		};
		A3ECDF4727CA198A0045AD9F /* Build configuration list for PBXNativeTarget "Patterns" */ = {
			isa = XCConfigurationList;
			buildConfigurations = (
				A3ECDF4827CA198A0045AD9F /* Debug */,
				A3ECDF4927CA198A0045AD9F /* Release */,
			);
			defaultConfigurationIsVisible = 0;
			defaultConfigurationName = Release;
		};
/* End XCConfigurationList section */

/* Begin XCVersionGroup section */
		A3ECDF3C27CA19890045AD9F /* Patterns.xcdatamodeld */ = {
			isa = XCVersionGroup;
			children = (
				A3ECDF3D27CA19890045AD9F /* Patterns.xcdatamodel */,
			);
			currentVersion = A3ECDF3D27CA19890045AD9F /* Patterns.xcdatamodel */;
			path = Patterns.xcdatamodeld;
			sourceTree = "<group>";
			versionGroupType = wrapper.xcdatamodel;
		};
/* End XCVersionGroup section */
	};
	rootObject = A3ECDF2827CA19890045AD9F /* Project object */;
}
